
Microsoft Visual Studio Solution File, Format Version 12.00
# Visual Studio Version 18
VisualStudioVersion = 18.7.11919.86
MinimumVisualStudioVersion = 10.0.40219.1
Project("{2150E333-8FDC-42A3-9474-1A3956D46DE8}") = "Deployment", "Deployment", "{BE3B87C5-56C1-448D-A234-CFE6EB30B147}"
	ProjectSection(SolutionItems) = preProject
		buildspec.yml = buildspec.yml
		deploy_api.sh = deploy_api.sh
		resources.yml = resources.yml
		resources_cognito.yml = resources_cognito.yml
		setup.yml = setup.yml
		start_deploy_api.sh = start_deploy_api.sh
		start_deploy_setup.sh = start_deploy_setup.sh
	EndProjectSection
EndProject
Project("{2150E333-8FDC-42A3-9474-1A3956D46DE8}") = "Common", "Common", "{B58A0B49-A102-45E6-8B0E-9FC17C6DAE9E}"
EndProject
Project("{2150E333-8FDC-42A3-9474-1A3956D46DE8}") = "Techer", "Techer", "{19AA6049-6A49-4282-85A7-E826371E7661}"
EndProject
Project("{2150E333-8FDC-42A3-9474-1A3956D46DE8}") = "Data", "Data", "{497BFE69-2054-47FF-AC15-E5315690962A}"
EndProject
Project("{2150E333-8FDC-42A3-9474-1A3956D46DE8}") = "Function", "Function", "{C1EEF69E-5764-4A39-9113-8DCC07583872}"
EndProject
Project("{2150E333-8FDC-42A3-9474-1A3956D46DE8}") = "WebApi", "WebApi", "{66A49194-6822-46A4-BB4F-EB5DF8EB71D8}"
EndProject
Project("{2150E333-8FDC-42A3-9474-1A3956D46DE8}") = "Service", "Service", "{23DC788D-4C88-491D-9973-2EAE22C8D3E6}"
EndProject
Project("{9A19103F-16F7-4668-BE54-9A1E7A4F7556}") = "Arauco.Otimizador.Common.Domain", "Arauco.Otimizador.Common.Domain\Arauco.Otimizador.Common.Domain.csproj", "{15F27915-429A-4044-AA68-A2E6A545D105}"
EndProject
Project("{9A19103F-16F7-4668-BE54-9A1E7A4F7556}") = "Techer.Common.Id", "Techer.Common.Id\Techer.Common.Id.csproj", "{85DB67C2-8F3B-4143-8803-C35DEAED2136}"
EndProject
Project("{9A19103F-16F7-4668-BE54-9A1E7A4F7556}") = "Techer.Common.Json", "Techer.Common.Json\Techer.Common.Json.csproj", "{F03FAD7A-1C51-4BB5-9A22-0D33FC43FC45}"
EndProject
Project("{9A19103F-16F7-4668-BE54-9A1E7A4F7556}") = "Techer.Aws.Secrets", "Techer.Aws.Secrets\Techer.Aws.Secrets.csproj", "{80B17410-1B8D-468B-99BA-4B0331BCA1E7}"
EndProject
Project("{9A19103F-16F7-4668-BE54-9A1E7A4F7556}") = "Techer.Common.Domain", "Techer.Common.Domain\Techer.Common.Domain.csproj", "{BD9F76D9-CC38-4056-BD62-A1C69CF9782D}"
EndProject
Project("{9A19103F-16F7-4668-BE54-9A1E7A4F7556}") = "Techer.Common.Extensions", "Techer.Common.Extensions\Techer.Common.Extensions.csproj", "{2DF698CC-41E6-403F-A616-26791AD177B8}"
EndProject
Project("{9A19103F-16F7-4668-BE54-9A1E7A4F7556}") = "Techer.Common.WebApi", "Techer.Common.WebApi\Techer.Common.WebApi.csproj", "{D6029567-2859-4AA2-82B8-C076C7B51355}"
EndProject
Project("{9A19103F-16F7-4668-BE54-9A1E7A4F7556}") = "Arauco.Otimizador.WebApi.Base", "Arauco.Otimizador.WebApi.Base\Arauco.Otimizador.WebApi.Base.csproj", "{1390D68A-118A-4845-90EC-03E6B5615189}"
EndProject
Project("{9A19103F-16F7-4668-BE54-9A1E7A4F7556}") = "Arauco.Otimizador.Data.Entities", "Arauco.Otimizador.Data.Entities\Arauco.Otimizador.Data.Entities.csproj", "{7F2DC09A-DA80-4345-AB4E-164E2AD5BF05}"
EndProject
Project("{9A19103F-16F7-4668-BE54-9A1E7A4F7556}") = "Arauco.Otimizador.Data.MySql", "Arauco.Otimizador.Data.MySql\Arauco.Otimizador.Data.MySql.csproj", "{F457F9AA-FF0F-4187-8F87-86700D40BDD1}"
EndProject
Project("{9A19103F-16F7-4668-BE54-9A1E7A4F7556}") = "Arauco.Otimizador.Data.Dynamo", "Arauco.Otimizador.Data.Dynamo\Arauco.Otimizador.Data.Dynamo.csproj", "{A41EF13C-C0E1-4855-8504-7FA64B7BBA62}"
EndProject
Project("{9A19103F-16F7-4668-BE54-9A1E7A4F7556}") = "Techer.Aws.Dynamo", "Techer.Aws.Dynamo\Techer.Aws.Dynamo.csproj", "{DD10672C-D30C-4484-B3C0-83C1BCABB798}"
EndProject
Project("{9A19103F-16F7-4668-BE54-9A1E7A4F7556}") = "Techer.Data.MySql", "Techer.Data.MySql\Techer.Data.MySql.csproj", "{EFF27AD1-75B2-4C0E-A8CB-15D9FB9C9DD6}"
EndProject
Project("{9A19103F-16F7-4668-BE54-9A1E7A4F7556}") = "Arauco.Otimizador.Service.Base", "Arauco.Otimizador.Service.Base\Arauco.Otimizador.Service.Base.csproj", "{23113888-C0B1-4195-9867-19B04B29E83C}"
EndProject
Project("{9A19103F-16F7-4668-BE54-9A1E7A4F7556}") = "Techer.Common.Validation", "Techer.Common.Validation\Techer.Common.Validation.csproj", "{0A8F0F8D-0C72-4219-93EE-4148846D01D7}"
EndProject
Project("{9A19103F-16F7-4668-BE54-9A1E7A4F7556}") = "Arauco.Otimizador.Deployment.Database", "Arauco.Otimizador.Deployment.Database\Arauco.Otimizador.Deployment.Database.csproj", "{92A36DB4-1677-4DF8-8276-2045AEE6D3A7}"
EndProject
Project("{2150E333-8FDC-42A3-9474-1A3956D46DE8}") = "Aws", "Aws", "{08FDBAA3-0A69-482F-9543-8C77632F7986}"
EndProject
Project("{9A19103F-16F7-4668-BE54-9A1E7A4F7556}") = "Arauco.Otimizador.Aws.Shared", "Arauco.Otimizador.Aws.Shared\Arauco.Otimizador.Aws.Shared.csproj", "{BE72BAAC-475E-4138-9E39-202BB32DC2CF}"
EndProject
Project("{9A19103F-16F7-4668-BE54-9A1E7A4F7556}") = "Techer.Aws.Shared", "Techer.Aws.Shared\Techer.Aws.Shared.csproj", "{FE16CA16-6086-4FE8-B1F9-B287C646B8AC}"
EndProject
Project("{9A19103F-16F7-4668-BE54-9A1E7A4F7556}") = "Techer.Aws.Cognito", "Techer.Aws.Cognito\Techer.Aws.Cognito.csproj", "{B8173149-D4BF-4B91-A558-ED6254288B70}"
EndProject
Project("{9A19103F-16F7-4668-BE54-9A1E7A4F7556}") = "Arauco.Otimizador.Function.Base", "Arauco.Otimizador.Function.Base\Arauco.Otimizador.Function.Base.csproj", "{3FFBEB92-441C-40D3-A005-C42B85103C4D}"
EndProject
Project("{9A19103F-16F7-4668-BE54-9A1E7A4F7556}") = "Techer.Aws.Storage", "Techer.Aws.Storage\Techer.Aws.Storage.csproj", "{C090BB76-BA15-41DE-89AE-3EC47EE8BB27}"
EndProject
Project("{9A19103F-16F7-4668-BE54-9A1E7A4F7556}") = "Arauco.Otimizador.Aws.CloudFront", "Arauco.Otimizador.Aws.CloudFront\Arauco.Otimizador.Aws.CloudFront.csproj", "{24259DBA-AFB0-46B0-9003-C57FCE740174}"
EndProject
Project("{9A19103F-16F7-4668-BE54-9A1E7A4F7556}") = "Arauco.Otimizador.Function.EmailOutbound", "Arauco.Otimizador.Function.EmailOutbound\Arauco.Otimizador.Function.EmailOutbound.csproj", "{E44C37B6-68D4-44EF-9AE0-BF037757C755}"
EndProject
Project("{9A19103F-16F7-4668-BE54-9A1E7A4F7556}") = "Techer.Aws.Queue", "Techer.Aws.Queue\Techer.Aws.Queue.csproj", "{88993944-8272-483D-BAFE-AB0C2A1419D6}"
EndProject
Project("{9A19103F-16F7-4668-BE54-9A1E7A4F7556}") = "Arauco.Otimizador.Common.Email", "Arauco.Otimizador.Common.Email\Arauco.Otimizador.Common.Email.csproj", "{A87733DA-8D99-41E7-BEEE-6C400827FE49}"
EndProject
Project("{9A19103F-16F7-4668-BE54-9A1E7A4F7556}") = "Arauco.Otimizador.Function.Test", "Arauco.Otimizador.Function.Test\Arauco.Otimizador.Function.Test.csproj", "{6C156717-A5F9-4991-A088-5259F9158E24}"
EndProject
Project("{9A19103F-16F7-4668-BE54-9A1E7A4F7556}") = "Arauco.Otimizador.Common.Pdf", "Arauco.Otimizador.Common.Pdf\Arauco.Otimizador.Common.Pdf.csproj", "{F818A7B4-5779-44E7-920B-D1F3D1BDF69B}"
EndProject
Project("{FAE04EC0-301F-11D3-BF4B-00C04F79EFBC}") = "Arauco.Otimizador.Service.CartaoService", "Arauco.Otimizador.Service.CartaoService\Arauco.Otimizador.Service.CartaoService.csproj", "{68AE7752-4A84-45DC-81BC-5894775CB541}"
EndProject
Project("{FAE04EC0-301F-11D3-BF4B-00C04F79EFBC}") = "Arauco.Otimizador.Service.CenarioService", "Arauco.Otimizador.Service.CenarioService\Arauco.Otimizador.Service.CenarioService.csproj", "{FDC6F485-E550-4E69-9693-3F91C5995701}"
EndProject
Project("{FAE04EC0-301F-11D3-BF4B-00C04F79EFBC}") = "Arauco.Otimizador.Service.ParametroService", "Arauco.Otimizador.Service.ParametroService\Arauco.Otimizador.Service.ParametroService.csproj", "{0AB33279-7CDE-494A-9C64-450321495666}"
EndProject
Project("{FAE04EC0-301F-11D3-BF4B-00C04F79EFBC}") = "Arauco.Otimizador.Service.DemandaService", "Arauco.Otimizador.Service.DemandaService\Arauco.Otimizador.Service.DemandaService.csproj", "{04BDCD0A-1488-4753-9068-ECC634542919}"
EndProject
Project("{FAE04EC0-301F-11D3-BF4B-00C04F79EFBC}") = "Arauco.Otimizador.Common.Storage", "Arauco.Otimizador.Common.Storage\Arauco.Otimizador.Common.Storage.csproj", "{C1239D01-0A8E-4BC9-867D-8E815F378B5A}"
EndProject
Project("{FAE04EC0-301F-11D3-BF4B-00C04F79EFBC}") = "Arauco.Otimizador.WebApi", "Arauco.Otimizador.WebApi\Arauco.Otimizador.WebApi.csproj", "{B7145163-D28D-4669-BEF9-E47E29E9006A}"
EndProject
Project("{2150E333-8FDC-42A3-9474-1A3956D46DE8}") = "Docs", "Docs", "{0D1006B2-05D5-4FFC-ABA8-FE5EA396319E}"
	ProjectSection(SolutionItems) = preProject
		especificacao-api.md = especificacao-api.md
	EndProjectSection
EndProject
Global
	GlobalSection(SolutionConfigurationPlatforms) = preSolution
		Debug|Any CPU = Debug|Any CPU
		Debug|x64 = Debug|x64
		Debug|x86 = Debug|x86
		Release|Any CPU = Release|Any CPU
		Release|x64 = Release|x64
		Release|x86 = Release|x86
	EndGlobalSection
	GlobalSection(ProjectConfigurationPlatforms) = postSolution
		{15F27915-429A-4044-AA68-A2E6A545D105}.Debug|Any CPU.ActiveCfg = Debug|Any CPU
		{15F27915-429A-4044-AA68-A2E6A545D105}.Debug|Any CPU.Build.0 = Debug|Any CPU
		{15F27915-429A-4044-AA68-A2E6A545D105}.Debug|x64.ActiveCfg = Debug|Any CPU
		{15F27915-429A-4044-AA68-A2E6A545D105}.Debug|x64.Build.0 = Debug|Any CPU
		{15F27915-429A-4044-AA68-A2E6A545D105}.Debug|x86.ActiveCfg = Debug|Any CPU
		{15F27915-429A-4044-AA68-A2E6A545D105}.Debug|x86.Build.0 = Debug|Any CPU
		{15F27915-429A-4044-AA68-A2E6A545D105}.Release|Any CPU.ActiveCfg = Release|Any CPU
		{15F27915-429A-4044-AA68-A2E6A545D105}.Release|Any CPU.Build.0 = Release|Any CPU
		{15F27915-429A-4044-AA68-A2E6A545D105}.Release|x64.ActiveCfg = Release|Any CPU
		{15F27915-429A-4044-AA68-A2E6A545D105}.Release|x64.Build.0 = Release|Any CPU
		{15F27915-429A-4044-AA68-A2E6A545D105}.Release|x86.ActiveCfg = Release|Any CPU
		{15F27915-429A-4044-AA68-A2E6A545D105}.Release|x86.Build.0 = Release|Any CPU
		{85DB67C2-8F3B-4143-8803-C35DEAED2136}.Debug|Any CPU.ActiveCfg = Debug|Any CPU
		{85DB67C2-8F3B-4143-8803-C35DEAED2136}.Debug|Any CPU.Build.0 = Debug|Any CPU
		{85DB67C2-8F3B-4143-8803-C35DEAED2136}.Debug|x64.ActiveCfg = Debug|Any CPU
		{85DB67C2-8F3B-4143-8803-C35DEAED2136}.Debug|x64.Build.0 = Debug|Any CPU
		{85DB67C2-8F3B-4143-8803-C35DEAED2136}.Debug|x86.ActiveCfg = Debug|Any CPU
		{85DB67C2-8F3B-4143-8803-C35DEAED2136}.Debug|x86.Build.0 = Debug|Any CPU
		{85DB67C2-8F3B-4143-8803-C35DEAED2136}.Release|Any CPU.ActiveCfg = Release|Any CPU
		{85DB67C2-8F3B-4143-8803-C35DEAED2136}.Release|Any CPU.Build.0 = Release|Any CPU
		{85DB67C2-8F3B-4143-8803-C35DEAED2136}.Release|x64.ActiveCfg = Release|Any CPU
		{85DB67C2-8F3B-4143-8803-C35DEAED2136}.Release|x64.Build.0 = Release|Any CPU
		{85DB67C2-8F3B-4143-8803-C35DEAED2136}.Release|x86.ActiveCfg = Release|Any CPU
		{85DB67C2-8F3B-4143-8803-C35DEAED2136}.Release|x86.Build.0 = Release|Any CPU
		{F03FAD7A-1C51-4BB5-9A22-0D33FC43FC45}.Debug|Any CPU.ActiveCfg = Debug|Any CPU
		{F03FAD7A-1C51-4BB5-9A22-0D33FC43FC45}.Debug|Any CPU.Build.0 = Debug|Any CPU
		{F03FAD7A-1C51-4BB5-9A22-0D33FC43FC45}.Debug|x64.ActiveCfg = Debug|Any CPU
		{F03FAD7A-1C51-4BB5-9A22-0D33FC43FC45}.Debug|x64.Build.0 = Debug|Any CPU
		{F03FAD7A-1C51-4BB5-9A22-0D33FC43FC45}.Debug|x86.ActiveCfg = Debug|Any CPU
		{F03FAD7A-1C51-4BB5-9A22-0D33FC43FC45}.Debug|x86.Build.0 = Debug|Any CPU
		{F03FAD7A-1C51-4BB5-9A22-0D33FC43FC45}.Release|Any CPU.ActiveCfg = Release|Any CPU
		{F03FAD7A-1C51-4BB5-9A22-0D33FC43FC45}.Release|Any CPU.Build.0 = Release|Any CPU
		{F03FAD7A-1C51-4BB5-9A22-0D33FC43FC45}.Release|x64.ActiveCfg = Release|Any CPU
		{F03FAD7A-1C51-4BB5-9A22-0D33FC43FC45}.Release|x64.Build.0 = Release|Any CPU
		{F03FAD7A-1C51-4BB5-9A22-0D33FC43FC45}.Release|x86.ActiveCfg = Release|Any CPU
		{F03FAD7A-1C51-4BB5-9A22-0D33FC43FC45}.Release|x86.Build.0 = Release|Any CPU
		{80B17410-1B8D-468B-99BA-4B0331BCA1E7}.Debug|Any CPU.ActiveCfg = Debug|Any CPU
		{80B17410-1B8D-468B-99BA-4B0331BCA1E7}.Debug|Any CPU.Build.0 = Debug|Any CPU
		{80B17410-1B8D-468B-99BA-4B0331BCA1E7}.Debug|x64.ActiveCfg = Debug|Any CPU
		{80B17410-1B8D-468B-99BA-4B0331BCA1E7}.Debug|x64.Build.0 = Debug|Any CPU
		{80B17410-1B8D-468B-99BA-4B0331BCA1E7}.Debug|x86.ActiveCfg = Debug|Any CPU
		{80B17410-1B8D-468B-99BA-4B0331BCA1E7}.Debug|x86.Build.0 = Debug|Any CPU
		{80B17410-1B8D-468B-99BA-4B0331BCA1E7}.Release|Any CPU.ActiveCfg = Release|Any CPU
		{80B17410-1B8D-468B-99BA-4B0331BCA1E7}.Release|Any CPU.Build.0 = Release|Any CPU
		{80B17410-1B8D-468B-99BA-4B0331BCA1E7}.Release|x64.ActiveCfg = Release|Any CPU
		{80B17410-1B8D-468B-99BA-4B0331BCA1E7}.Release|x64.Build.0 = Release|Any CPU
		{80B17410-1B8D-468B-99BA-4B0331BCA1E7}.Release|x86.ActiveCfg = Release|Any CPU
		{80B17410-1B8D-468B-99BA-4B0331BCA1E7}.Release|x86.Build.0 = Release|Any CPU
		{BD9F76D9-CC38-4056-BD62-A1C69CF9782D}.Debug|Any CPU.ActiveCfg = Debug|Any CPU
		{BD9F76D9-CC38-4056-BD62-A1C69CF9782D}.Debug|Any CPU.Build.0 = Debug|Any CPU
		{BD9F76D9-CC38-4056-BD62-A1C69CF9782D}.Debug|x64.ActiveCfg = Debug|Any CPU
		{BD9F76D9-CC38-4056-BD62-A1C69CF9782D}.Debug|x64.Build.0 = Debug|Any CPU
		{BD9F76D9-CC38-4056-BD62-A1C69CF9782D}.Debug|x86.ActiveCfg = Debug|Any CPU
		{BD9F76D9-CC38-4056-BD62-A1C69CF9782D}.Debug|x86.Build.0 = Debug|Any CPU
		{BD9F76D9-CC38-4056-BD62-A1C69CF9782D}.Release|Any CPU.ActiveCfg = Release|Any CPU
		{BD9F76D9-CC38-4056-BD62-A1C69CF9782D}.Release|Any CPU.Build.0 = Release|Any CPU
		{BD9F76D9-CC38-4056-BD62-A1C69CF9782D}.Release|x64.ActiveCfg = Release|Any CPU
		{BD9F76D9-CC38-4056-BD62-A1C69CF9782D}.Release|x64.Build.0 = Release|Any CPU
		{BD9F76D9-CC38-4056-BD62-A1C69CF9782D}.Release|x86.ActiveCfg = Release|Any CPU
		{BD9F76D9-CC38-4056-BD62-A1C69CF9782D}.Release|x86.Build.0 = Release|Any CPU
		{2DF698CC-41E6-403F-A616-26791AD177B8}.Debug|Any CPU.ActiveCfg = Debug|Any CPU
		{2DF698CC-41E6-403F-A616-26791AD177B8}.Debug|Any CPU.Build.0 = Debug|Any CPU
		{2DF698CC-41E6-403F-A616-26791AD177B8}.Debug|x64.ActiveCfg = Debug|Any CPU
		{2DF698CC-41E6-403F-A616-26791AD177B8}.Debug|x64.Build.0 = Debug|Any CPU
		{2DF698CC-41E6-403F-A616-26791AD177B8}.Debug|x86.ActiveCfg = Debug|Any CPU
		{2DF698CC-41E6-403F-A616-26791AD177B8}.Debug|x86.Build.0 = Debug|Any CPU
		{2DF698CC-41E6-403F-A616-26791AD177B8}.Release|Any CPU.ActiveCfg = Release|Any CPU
		{2DF698CC-41E6-403F-A616-26791AD177B8}.Release|Any CPU.Build.0 = Release|Any CPU
		{2DF698CC-41E6-403F-A616-26791AD177B8}.Release|x64.ActiveCfg = Release|Any CPU
		{2DF698CC-41E6-403F-A616-26791AD177B8}.Release|x64.Build.0 = Release|Any CPU
		{2DF698CC-41E6-403F-A616-26791AD177B8}.Release|x86.ActiveCfg = Release|Any CPU
		{2DF698CC-41E6-403F-A616-26791AD177B8}.Release|x86.Build.0 = Release|Any CPU
		{D6029567-2859-4AA2-82B8-C076C7B51355}.Debug|Any CPU.ActiveCfg = Debug|Any CPU
		{D6029567-2859-4AA2-82B8-C076C7B51355}.Debug|Any CPU.Build.0 = Debug|Any CPU
		{D6029567-2859-4AA2-82B8-C076C7B51355}.Debug|x64.ActiveCfg = Debug|Any CPU
		{D6029567-2859-4AA2-82B8-C076C7B51355}.Debug|x64.Build.0 = Debug|Any CPU
		{D6029567-2859-4AA2-82B8-C076C7B51355}.Debug|x86.ActiveCfg = Debug|Any CPU
		{D6029567-2859-4AA2-82B8-C076C7B51355}.Debug|x86.Build.0 = Debug|Any CPU
		{D6029567-2859-4AA2-82B8-C076C7B51355}.Release|Any CPU.ActiveCfg = Release|Any CPU
		{D6029567-2859-4AA2-82B8-C076C7B51355}.Release|Any CPU.Build.0 = Release|Any CPU
		{D6029567-2859-4AA2-82B8-C076C7B51355}.Release|x64.ActiveCfg = Release|Any CPU
		{D6029567-2859-4AA2-82B8-C076C7B51355}.Release|x64.Build.0 = Release|Any CPU
		{D6029567-2859-4AA2-82B8-C076C7B51355}.Release|x86.ActiveCfg = Release|Any CPU
		{D6029567-2859-4AA2-82B8-C076C7B51355}.Release|x86.Build.0 = Release|Any CPU
		{1390D68A-118A-4845-90EC-03E6B5615189}.Debug|Any CPU.ActiveCfg = Debug|Any CPU
		{1390D68A-118A-4845-90EC-03E6B5615189}.Debug|Any CPU.Build.0 = Debug|Any CPU
		{1390D68A-118A-4845-90EC-03E6B5615189}.Debug|x64.ActiveCfg = Debug|Any CPU
		{1390D68A-118A-4845-90EC-03E6B5615189}.Debug|x64.Build.0 = Debug|Any CPU
		{1390D68A-118A-4845-90EC-03E6B5615189}.Debug|x86.ActiveCfg = Debug|Any CPU
		{1390D68A-118A-4845-90EC-03E6B5615189}.Debug|x86.Build.0 = Debug|Any CPU
		{1390D68A-118A-4845-90EC-03E6B5615189}.Release|Any CPU.ActiveCfg = Release|Any CPU
		{1390D68A-118A-4845-90EC-03E6B5615189}.Release|Any CPU.Build.0 = Release|Any CPU
		{1390D68A-118A-4845-90EC-03E6B5615189}.Release|x64.ActiveCfg = Release|Any CPU
		{1390D68A-118A-4845-90EC-03E6B5615189}.Release|x64.Build.0 = Release|Any CPU
		{1390D68A-118A-4845-90EC-03E6B5615189}.Release|x86.ActiveCfg = Release|Any CPU
		{1390D68A-118A-4845-90EC-03E6B5615189}.Release|x86.Build.0 = Release|Any CPU
		{7F2DC09A-DA80-4345-AB4E-164E2AD5BF05}.Debug|Any CPU.ActiveCfg = Debug|Any CPU
		{7F2DC09A-DA80-4345-AB4E-164E2AD5BF05}.Debug|Any CPU.Build.0 = Debug|Any CPU
		{7F2DC09A-DA80-4345-AB4E-164E2AD5BF05}.Debug|x64.ActiveCfg = Debug|Any CPU
		{7F2DC09A-DA80-4345-AB4E-164E2AD5BF05}.Debug|x64.Build.0 = Debug|Any CPU
		{7F2DC09A-DA80-4345-AB4E-164E2AD5BF05}.Debug|x86.ActiveCfg = Debug|Any CPU
		{7F2DC09A-DA80-4345-AB4E-164E2AD5BF05}.Debug|x86.Build.0 = Debug|Any CPU
		{7F2DC09A-DA80-4345-AB4E-164E2AD5BF05}.Release|Any CPU.ActiveCfg = Release|Any CPU
		{7F2DC09A-DA80-4345-AB4E-164E2AD5BF05}.Release|Any CPU.Build.0 = Release|Any CPU
		{7F2DC09A-DA80-4345-AB4E-164E2AD5BF05}.Release|x64.ActiveCfg = Release|Any CPU
		{7F2DC09A-DA80-4345-AB4E-164E2AD5BF05}.Release|x64.Build.0 = Release|Any CPU
		{7F2DC09A-DA80-4345-AB4E-164E2AD5BF05}.Release|x86.ActiveCfg = Release|Any CPU
		{7F2DC09A-DA80-4345-AB4E-164E2AD5BF05}.Release|x86.Build.0 = Release|Any CPU
		{F457F9AA-FF0F-4187-8F87-86700D40BDD1}.Debug|Any CPU.ActiveCfg = Debug|Any CPU
		{F457F9AA-FF0F-4187-8F87-86700D40BDD1}.Debug|Any CPU.Build.0 = Debug|Any CPU
		{F457F9AA-FF0F-4187-8F87-86700D40BDD1}.Debug|x64.ActiveCfg = Debug|Any CPU
		{F457F9AA-FF0F-4187-8F87-86700D40BDD1}.Debug|x64.Build.0 = Debug|Any CPU
		{F457F9AA-FF0F-4187-8F87-86700D40BDD1}.Debug|x86.ActiveCfg = Debug|Any CPU
		{F457F9AA-FF0F-4187-8F87-86700D40BDD1}.Debug|x86.Build.0 = Debug|Any CPU
		{F457F9AA-FF0F-4187-8F87-86700D40BDD1}.Release|Any CPU.ActiveCfg = Release|Any CPU
		{F457F9AA-FF0F-4187-8F87-86700D40BDD1}.Release|Any CPU.Build.0 = Release|Any CPU
		{F457F9AA-FF0F-4187-8F87-86700D40BDD1}.Release|x64.ActiveCfg = Release|Any CPU
		{F457F9AA-FF0F-4187-8F87-86700D40BDD1}.Release|x64.Build.0 = Release|Any CPU
		{F457F9AA-FF0F-4187-8F87-86700D40BDD1}.Release|x86.ActiveCfg = Release|Any CPU
		{F457F9AA-FF0F-4187-8F87-86700D40BDD1}.Release|x86.Build.0 = Release|Any CPU
		{A41EF13C-C0E1-4855-8504-7FA64B7BBA62}.Debug|Any CPU.ActiveCfg = Debug|Any CPU
		{A41EF13C-C0E1-4855-8504-7FA64B7BBA62}.Debug|Any CPU.Build.0 = Debug|Any CPU
		{A41EF13C-C0E1-4855-8504-7FA64B7BBA62}.Debug|x64.ActiveCfg = Debug|Any CPU
		{A41EF13C-C0E1-4855-8504-7FA64B7BBA62}.Debug|x64.Build.0 = Debug|Any CPU
		{A41EF13C-C0E1-4855-8504-7FA64B7BBA62}.Debug|x86.ActiveCfg = Debug|Any CPU
		{A41EF13C-C0E1-4855-8504-7FA64B7BBA62}.Debug|x86.Build.0 = Debug|Any CPU
		{A41EF13C-C0E1-4855-8504-7FA64B7BBA62}.Release|Any CPU.ActiveCfg = Release|Any CPU
		{A41EF13C-C0E1-4855-8504-7FA64B7BBA62}.Release|Any CPU.Build.0 = Release|Any CPU
		{A41EF13C-C0E1-4855-8504-7FA64B7BBA62}.Release|x64.ActiveCfg = Release|Any CPU
		{A41EF13C-C0E1-4855-8504-7FA64B7BBA62}.Release|x64.Build.0 = Release|Any CPU
		{A41EF13C-C0E1-4855-8504-7FA64B7BBA62}.Release|x86.ActiveCfg = Release|Any CPU
		{A41EF13C-C0E1-4855-8504-7FA64B7BBA62}.Release|x86.Build.0 = Release|Any CPU
		{DD10672C-D30C-4484-B3C0-83C1BCABB798}.Debug|Any CPU.ActiveCfg = Debug|Any CPU
		{DD10672C-D30C-4484-B3C0-83C1BCABB798}.Debug|Any CPU.Build.0 = Debug|Any CPU
		{DD10672C-D30C-4484-B3C0-83C1BCABB798}.Debug|x64.ActiveCfg = Debug|Any CPU
		{DD10672C-D30C-4484-B3C0-83C1BCABB798}.Debug|x64.Build.0 = Debug|Any CPU
		{DD10672C-D30C-4484-B3C0-83C1BCABB798}.Debug|x86.ActiveCfg = Debug|Any CPU
		{DD10672C-D30C-4484-B3C0-83C1BCABB798}.Debug|x86.Build.0 = Debug|Any CPU
		{DD10672C-D30C-4484-B3C0-83C1BCABB798}.Release|Any CPU.ActiveCfg = Release|Any CPU
		{DD10672C-D30C-4484-B3C0-83C1BCABB798}.Release|Any CPU.Build.0 = Release|Any CPU
		{DD10672C-D30C-4484-B3C0-83C1BCABB798}.Release|x64.ActiveCfg = Release|Any CPU
		{DD10672C-D30C-4484-B3C0-83C1BCABB798}.Release|x64.Build.0 = Release|Any CPU
		{DD10672C-D30C-4484-B3C0-83C1BCABB798}.Release|x86.ActiveCfg = Release|Any CPU
		{DD10672C-D30C-4484-B3C0-83C1BCABB798}.Release|x86.Build.0 = Release|Any CPU
		{EFF27AD1-75B2-4C0E-A8CB-15D9FB9C9DD6}.Debug|Any CPU.ActiveCfg = Debug|Any CPU
		{EFF27AD1-75B2-4C0E-A8CB-15D9FB9C9DD6}.Debug|Any CPU.Build.0 = Debug|Any CPU
		{EFF27AD1-75B2-4C0E-A8CB-15D9FB9C9DD6}.Debug|x64.ActiveCfg = Debug|Any CPU
		{EFF27AD1-75B2-4C0E-A8CB-15D9FB9C9DD6}.Debug|x64.Build.0 = Debug|Any CPU
		{EFF27AD1-75B2-4C0E-A8CB-15D9FB9C9DD6}.Debug|x86.ActiveCfg = Debug|Any CPU
		{EFF27AD1-75B2-4C0E-A8CB-15D9FB9C9DD6}.Debug|x86.Build.0 = Debug|Any CPU
		{EFF27AD1-75B2-4C0E-A8CB-15D9FB9C9DD6}.Release|Any CPU.ActiveCfg = Release|Any CPU
		{EFF27AD1-75B2-4C0E-A8CB-15D9FB9C9DD6}.Release|Any CPU.Build.0 = Release|Any CPU
		{EFF27AD1-75B2-4C0E-A8CB-15D9FB9C9DD6}.Release|x64.ActiveCfg = Release|Any CPU
		{EFF27AD1-75B2-4C0E-A8CB-15D9FB9C9DD6}.Release|x64.Build.0 = Release|Any CPU
		{EFF27AD1-75B2-4C0E-A8CB-15D9FB9C9DD6}.Release|x86.ActiveCfg = Release|Any CPU
		{EFF27AD1-75B2-4C0E-A8CB-15D9FB9C9DD6}.Release|x86.Build.0 = Release|Any CPU
		{23113888-C0B1-4195-9867-19B04B29E83C}.Debug|Any CPU.ActiveCfg = Debug|Any CPU
		{23113888-C0B1-4195-9867-19B04B29E83C}.Debug|Any CPU.Build.0 = Debug|Any CPU
		{23113888-C0B1-4195-9867-19B04B29E83C}.Debug|x64.ActiveCfg = Debug|Any CPU
		{23113888-C0B1-4195-9867-19B04B29E83C}.Debug|x64.Build.0 = Debug|Any CPU
		{23113888-C0B1-4195-9867-19B04B29E83C}.Debug|x86.ActiveCfg = Debug|Any CPU
		{23113888-C0B1-4195-9867-19B04B29E83C}.Debug|x86.Build.0 = Debug|Any CPU
		{23113888-C0B1-4195-9867-19B04B29E83C}.Release|Any CPU.ActiveCfg = Release|Any CPU
		{23113888-C0B1-4195-9867-19B04B29E83C}.Release|Any CPU.Build.0 = Release|Any CPU
		{23113888-C0B1-4195-9867-19B04B29E83C}.Release|x64.ActiveCfg = Release|Any CPU
		{23113888-C0B1-4195-9867-19B04B29E83C}.Release|x64.Build.0 = Release|Any CPU
		{23113888-C0B1-4195-9867-19B04B29E83C}.Release|x86.ActiveCfg = Release|Any CPU
		{23113888-C0B1-4195-9867-19B04B29E83C}.Release|x86.Build.0 = Release|Any CPU
		{0A8F0F8D-0C72-4219-93EE-4148846D01D7}.Debug|Any CPU.ActiveCfg = Debug|Any CPU
		{0A8F0F8D-0C72-4219-93EE-4148846D01D7}.Debug|Any CPU.Build.0 = Debug|Any CPU
		{0A8F0F8D-0C72-4219-93EE-4148846D01D7}.Debug|x64.ActiveCfg = Debug|Any CPU
		{0A8F0F8D-0C72-4219-93EE-4148846D01D7}.Debug|x64.Build.0 = Debug|Any CPU
		{0A8F0F8D-0C72-4219-93EE-4148846D01D7}.Debug|x86.ActiveCfg = Debug|Any CPU
		{0A8F0F8D-0C72-4219-93EE-4148846D01D7}.Debug|x86.Build.0 = Debug|Any CPU
		{0A8F0F8D-0C72-4219-93EE-4148846D01D7}.Release|Any CPU.ActiveCfg = Release|Any CPU
		{0A8F0F8D-0C72-4219-93EE-4148846D01D7}.Release|Any CPU.Build.0 = Release|Any CPU
		{0A8F0F8D-0C72-4219-93EE-4148846D01D7}.Release|x64.ActiveCfg = Release|Any CPU
		{0A8F0F8D-0C72-4219-93EE-4148846D01D7}.Release|x64.Build.0 = Release|Any CPU
		{0A8F0F8D-0C72-4219-93EE-4148846D01D7}.Release|x86.ActiveCfg = Release|Any CPU
		{0A8F0F8D-0C72-4219-93EE-4148846D01D7}.Release|x86.Build.0 = Release|Any CPU
		{92A36DB4-1677-4DF8-8276-2045AEE6D3A7}.Debug|Any CPU.ActiveCfg = Debug|Any CPU
		{92A36DB4-1677-4DF8-8276-2045AEE6D3A7}.Debug|Any CPU.Build.0 = Debug|Any CPU
		{92A36DB4-1677-4DF8-8276-2045AEE6D3A7}.Debug|x64.ActiveCfg = Debug|Any CPU
		{92A36DB4-1677-4DF8-8276-2045AEE6D3A7}.Debug|x64.Build.0 = Debug|Any CPU
		{92A36DB4-1677-4DF8-8276-2045AEE6D3A7}.Debug|x86.ActiveCfg = Debug|Any CPU
		{92A36DB4-1677-4DF8-8276-2045AEE6D3A7}.Debug|x86.Build.0 = Debug|Any CPU
		{92A36DB4-1677-4DF8-8276-2045AEE6D3A7}.Release|Any CPU.ActiveCfg = Release|Any CPU
		{92A36DB4-1677-4DF8-8276-2045AEE6D3A7}.Release|Any CPU.Build.0 = Release|Any CPU
		{92A36DB4-1677-4DF8-8276-2045AEE6D3A7}.Release|x64.ActiveCfg = Release|Any CPU
		{92A36DB4-1677-4DF8-8276-2045AEE6D3A7}.Release|x64.Build.0 = Release|Any CPU
		{92A36DB4-1677-4DF8-8276-2045AEE6D3A7}.Release|x86.ActiveCfg = Release|Any CPU
		{92A36DB4-1677-4DF8-8276-2045AEE6D3A7}.Release|x86.Build.0 = Release|Any CPU
		{BE72BAAC-475E-4138-9E39-202BB32DC2CF}.Debug|Any CPU.ActiveCfg = Debug|Any CPU
		{BE72BAAC-475E-4138-9E39-202BB32DC2CF}.Debug|Any CPU.Build.0 = Debug|Any CPU
		{BE72BAAC-475E-4138-9E39-202BB32DC2CF}.Debug|x64.ActiveCfg = Debug|Any CPU
		{BE72BAAC-475E-4138-9E39-202BB32DC2CF}.Debug|x64.Build.0 = Debug|Any CPU
		{BE72BAAC-475E-4138-9E39-202BB32DC2CF}.Debug|x86.ActiveCfg = Debug|Any CPU
		{BE72BAAC-475E-4138-9E39-202BB32DC2CF}.Debug|x86.Build.0 = Debug|Any CPU
		{BE72BAAC-475E-4138-9E39-202BB32DC2CF}.Release|Any CPU.ActiveCfg = Release|Any CPU
		{BE72BAAC-475E-4138-9E39-202BB32DC2CF}.Release|Any CPU.Build.0 = Release|Any CPU
		{BE72BAAC-475E-4138-9E39-202BB32DC2CF}.Release|x64.ActiveCfg = Release|Any CPU
		{BE72BAAC-475E-4138-9E39-202BB32DC2CF}.Release|x64.Build.0 = Release|Any CPU
		{BE72BAAC-475E-4138-9E39-202BB32DC2CF}.Release|x86.ActiveCfg = Release|Any CPU
		{BE72BAAC-475E-4138-9E39-202BB32DC2CF}.Release|x86.Build.0 = Release|Any CPU
		{FE16CA16-6086-4FE8-B1F9-B287C646B8AC}.Debug|Any CPU.ActiveCfg = Debug|Any CPU
		{FE16CA16-6086-4FE8-B1F9-B287C646B8AC}.Debug|Any CPU.Build.0 = Debug|Any CPU
		{FE16CA16-6086-4FE8-B1F9-B287C646B8AC}.Debug|x64.ActiveCfg = Debug|Any CPU
		{FE16CA16-6086-4FE8-B1F9-B287C646B8AC}.Debug|x64.Build.0 = Debug|Any CPU
		{FE16CA16-6086-4FE8-B1F9-B287C646B8AC}.Debug|x86.ActiveCfg = Debug|Any CPU
		{FE16CA16-6086-4FE8-B1F9-B287C646B8AC}.Debug|x86.Build.0 = Debug|Any CPU
		{FE16CA16-6086-4FE8-B1F9-B287C646B8AC}.Release|Any CPU.ActiveCfg = Release|Any CPU
		{FE16CA16-6086-4FE8-B1F9-B287C646B8AC}.Release|Any CPU.Build.0 = Release|Any CPU
		{FE16CA16-6086-4FE8-B1F9-B287C646B8AC}.Release|x64.ActiveCfg = Release|Any CPU
		{FE16CA16-6086-4FE8-B1F9-B287C646B8AC}.Release|x64.Build.0 = Release|Any CPU
		{FE16CA16-6086-4FE8-B1F9-B287C646B8AC}.Release|x86.ActiveCfg = Release|Any CPU
		{FE16CA16-6086-4FE8-B1F9-B287C646B8AC}.Release|x86.Build.0 = Release|Any CPU
		{B8173149-D4BF-4B91-A558-ED6254288B70}.Debug|Any CPU.ActiveCfg = Debug|Any CPU
		{B8173149-D4BF-4B91-A558-ED6254288B70}.Debug|Any CPU.Build.0 = Debug|Any CPU
		{B8173149-D4BF-4B91-A558-ED6254288B70}.Debug|x64.ActiveCfg = Debug|Any CPU
		{B8173149-D4BF-4B91-A558-ED6254288B70}.Debug|x64.Build.0 = Debug|Any CPU
		{B8173149-D4BF-4B91-A558-ED6254288B70}.Debug|x86.ActiveCfg = Debug|Any CPU
		{B8173149-D4BF-4B91-A558-ED6254288B70}.Debug|x86.Build.0 = Debug|Any CPU
		{B8173149-D4BF-4B91-A558-ED6254288B70}.Release|Any CPU.ActiveCfg = Release|Any CPU
		{B8173149-D4BF-4B91-A558-ED6254288B70}.Release|Any CPU.Build.0 = Release|Any CPU
		{B8173149-D4BF-4B91-A558-ED6254288B70}.Release|x64.ActiveCfg = Release|Any CPU
		{B8173149-D4BF-4B91-A558-ED6254288B70}.Release|x64.Build.0 = Release|Any CPU
		{B8173149-D4BF-4B91-A558-ED6254288B70}.Release|x86.ActiveCfg = Release|Any CPU
		{B8173149-D4BF-4B91-A558-ED6254288B70}.Release|x86.Build.0 = Release|Any CPU
		{3FFBEB92-441C-40D3-A005-C42B85103C4D}.Debug|Any CPU.ActiveCfg = Debug|Any CPU
		{3FFBEB92-441C-40D3-A005-C42B85103C4D}.Debug|Any CPU.Build.0 = Debug|Any CPU
		{3FFBEB92-441C-40D3-A005-C42B85103C4D}.Debug|x64.ActiveCfg = Debug|Any CPU
		{3FFBEB92-441C-40D3-A005-C42B85103C4D}.Debug|x64.Build.0 = Debug|Any CPU
		{3FFBEB92-441C-40D3-A005-C42B85103C4D}.Debug|x86.ActiveCfg = Debug|Any CPU
		{3FFBEB92-441C-40D3-A005-C42B85103C4D}.Debug|x86.Build.0 = Debug|Any CPU
		{3FFBEB92-441C-40D3-A005-C42B85103C4D}.Release|Any CPU.ActiveCfg = Release|Any CPU
		{3FFBEB92-441C-40D3-A005-C42B85103C4D}.Release|Any CPU.Build.0 = Release|Any CPU
		{3FFBEB92-441C-40D3-A005-C42B85103C4D}.Release|x64.ActiveCfg = Release|Any CPU
		{3FFBEB92-441C-40D3-A005-C42B85103C4D}.Release|x64.Build.0 = Release|Any CPU
		{3FFBEB92-441C-40D3-A005-C42B85103C4D}.Release|x86.ActiveCfg = Release|Any CPU
		{3FFBEB92-441C-40D3-A005-C42B85103C4D}.Release|x86.Build.0 = Release|Any CPU
		{C090BB76-BA15-41DE-89AE-3EC47EE8BB27}.Debug|Any CPU.ActiveCfg = Debug|Any CPU
		{C090BB76-BA15-41DE-89AE-3EC47EE8BB27}.Debug|Any CPU.Build.0 = Debug|Any CPU
		{C090BB76-BA15-41DE-89AE-3EC47EE8BB27}.Debug|x64.ActiveCfg = Debug|Any CPU
		{C090BB76-BA15-41DE-89AE-3EC47EE8BB27}.Debug|x64.Build.0 = Debug|Any CPU
		{C090BB76-BA15-41DE-89AE-3EC47EE8BB27}.Debug|x86.ActiveCfg = Debug|Any CPU
		{C090BB76-BA15-41DE-89AE-3EC47EE8BB27}.Debug|x86.Build.0 = Debug|Any CPU
		{C090BB76-BA15-41DE-89AE-3EC47EE8BB27}.Release|Any CPU.ActiveCfg = Release|Any CPU
		{C090BB76-BA15-41DE-89AE-3EC47EE8BB27}.Release|Any CPU.Build.0 = Release|Any CPU
		{C090BB76-BA15-41DE-89AE-3EC47EE8BB27}.Release|x64.ActiveCfg = Release|Any CPU
		{C090BB76-BA15-41DE-89AE-3EC47EE8BB27}.Release|x64.Build.0 = Release|Any CPU
		{C090BB76-BA15-41DE-89AE-3EC47EE8BB27}.Release|x86.ActiveCfg = Release|Any CPU
		{C090BB76-BA15-41DE-89AE-3EC47EE8BB27}.Release|x86.Build.0 = Release|Any CPU
		{24259DBA-AFB0-46B0-9003-C57FCE740174}.Debug|Any CPU.ActiveCfg = Debug|Any CPU
		{24259DBA-AFB0-46B0-9003-C57FCE740174}.Debug|Any CPU.Build.0 = Debug|Any CPU
		{24259DBA-AFB0-46B0-9003-C57FCE740174}.Debug|x64.ActiveCfg = Debug|Any CPU
		{24259DBA-AFB0-46B0-9003-C57FCE740174}.Debug|x64.Build.0 = Debug|Any CPU
		{24259DBA-AFB0-46B0-9003-C57FCE740174}.Debug|x86.ActiveCfg = Debug|Any CPU
		{24259DBA-AFB0-46B0-9003-C57FCE740174}.Debug|x86.Build.0 = Debug|Any CPU
		{24259DBA-AFB0-46B0-9003-C57FCE740174}.Release|Any CPU.ActiveCfg = Release|Any CPU
		{24259DBA-AFB0-46B0-9003-C57FCE740174}.Release|Any CPU.Build.0 = Release|Any CPU
		{24259DBA-AFB0-46B0-9003-C57FCE740174}.Release|x64.ActiveCfg = Release|Any CPU
		{24259DBA-AFB0-46B0-9003-C57FCE740174}.Release|x64.Build.0 = Release|Any CPU
		{24259DBA-AFB0-46B0-9003-C57FCE740174}.Release|x86.ActiveCfg = Release|Any CPU
		{24259DBA-AFB0-46B0-9003-C57FCE740174}.Release|x86.Build.0 = Release|Any CPU
		{E44C37B6-68D4-44EF-9AE0-BF037757C755}.Debug|Any CPU.ActiveCfg = Debug|Any CPU
		{E44C37B6-68D4-44EF-9AE0-BF037757C755}.Debug|Any CPU.Build.0 = Debug|Any CPU
		{E44C37B6-68D4-44EF-9AE0-BF037757C755}.Debug|x64.ActiveCfg = Debug|Any CPU
		{E44C37B6-68D4-44EF-9AE0-BF037757C755}.Debug|x64.Build.0 = Debug|Any CPU
		{E44C37B6-68D4-44EF-9AE0-BF037757C755}.Debug|x86.ActiveCfg = Debug|Any CPU
		{E44C37B6-68D4-44EF-9AE0-BF037757C755}.Debug|x86.Build.0 = Debug|Any CPU
		{E44C37B6-68D4-44EF-9AE0-BF037757C755}.Release|Any CPU.ActiveCfg = Release|Any CPU
		{E44C37B6-68D4-44EF-9AE0-BF037757C755}.Release|Any CPU.Build.0 = Release|Any CPU
		{E44C37B6-68D4-44EF-9AE0-BF037757C755}.Release|x64.ActiveCfg = Release|Any CPU
		{E44C37B6-68D4-44EF-9AE0-BF037757C755}.Release|x64.Build.0 = Release|Any CPU
		{E44C37B6-68D4-44EF-9AE0-BF037757C755}.Release|x86.ActiveCfg = Release|Any CPU
		{E44C37B6-68D4-44EF-9AE0-BF037757C755}.Release|x86.Build.0 = Release|Any CPU
		{88993944-8272-483D-BAFE-AB0C2A1419D6}.Debug|Any CPU.ActiveCfg = Debug|Any CPU
		{88993944-8272-483D-BAFE-AB0C2A1419D6}.Debug|Any CPU.Build.0 = Debug|Any CPU
		{88993944-8272-483D-BAFE-AB0C2A1419D6}.Debug|x64.ActiveCfg = Debug|Any CPU
		{88993944-8272-483D-BAFE-AB0C2A1419D6}.Debug|x64.Build.0 = Debug|Any CPU
		{88993944-8272-483D-BAFE-AB0C2A1419D6}.Debug|x86.ActiveCfg = Debug|Any CPU
		{88993944-8272-483D-BAFE-AB0C2A1419D6}.Debug|x86.Build.0 = Debug|Any CPU
		{88993944-8272-483D-BAFE-AB0C2A1419D6}.Release|Any CPU.ActiveCfg = Release|Any CPU
		{88993944-8272-483D-BAFE-AB0C2A1419D6}.Release|Any CPU.Build.0 = Release|Any CPU
		{88993944-8272-483D-BAFE-AB0C2A1419D6}.Release|x64.ActiveCfg = Release|Any CPU
		{88993944-8272-483D-BAFE-AB0C2A1419D6}.Release|x64.Build.0 = Release|Any CPU
		{88993944-8272-483D-BAFE-AB0C2A1419D6}.Release|x86.ActiveCfg = Release|Any CPU
		{88993944-8272-483D-BAFE-AB0C2A1419D6}.Release|x86.Build.0 = Release|Any CPU
		{A87733DA-8D99-41E7-BEEE-6C400827FE49}.Debug|Any CPU.ActiveCfg = Debug|Any CPU
		{A87733DA-8D99-41E7-BEEE-6C400827FE49}.Debug|Any CPU.Build.0 = Debug|Any CPU
		{A87733DA-8D99-41E7-BEEE-6C400827FE49}.Debug|x64.ActiveCfg = Debug|Any CPU
		{A87733DA-8D99-41E7-BEEE-6C400827FE49}.Debug|x64.Build.0 = Debug|Any CPU
		{A87733DA-8D99-41E7-BEEE-6C400827FE49}.Debug|x86.ActiveCfg = Debug|Any CPU
		{A87733DA-8D99-41E7-BEEE-6C400827FE49}.Debug|x86.Build.0 = Debug|Any CPU
		{A87733DA-8D99-41E7-BEEE-6C400827FE49}.Release|Any CPU.ActiveCfg = Release|Any CPU
		{A87733DA-8D99-41E7-BEEE-6C400827FE49}.Release|Any CPU.Build.0 = Release|Any CPU
		{A87733DA-8D99-41E7-BEEE-6C400827FE49}.Release|x64.ActiveCfg = Release|Any CPU
		{A87733DA-8D99-41E7-BEEE-6C400827FE49}.Release|x64.Build.0 = Release|Any CPU
		{A87733DA-8D99-41E7-BEEE-6C400827FE49}.Release|x86.ActiveCfg = Release|Any CPU
		{A87733DA-8D99-41E7-BEEE-6C400827FE49}.Release|x86.Build.0 = Release|Any CPU
		{6C156717-A5F9-4991-A088-5259F9158E24}.Debug|Any CPU.ActiveCfg = Debug|Any CPU
		{6C156717-A5F9-4991-A088-5259F9158E24}.Debug|Any CPU.Build.0 = Debug|Any CPU
		{6C156717-A5F9-4991-A088-5259F9158E24}.Debug|x64.ActiveCfg = Debug|Any CPU
		{6C156717-A5F9-4991-A088-5259F9158E24}.Debug|x64.Build.0 = Debug|Any CPU
		{6C156717-A5F9-4991-A088-5259F9158E24}.Debug|x86.ActiveCfg = Debug|Any CPU
		{6C156717-A5F9-4991-A088-5259F9158E24}.Debug|x86.Build.0 = Debug|Any CPU
		{6C156717-A5F9-4991-A088-5259F9158E24}.Release|Any CPU.ActiveCfg = Release|Any CPU
		{6C156717-A5F9-4991-A088-5259F9158E24}.Release|Any CPU.Build.0 = Release|Any CPU
		{6C156717-A5F9-4991-A088-5259F9158E24}.Release|x64.ActiveCfg = Release|Any CPU
		{6C156717-A5F9-4991-A088-5259F9158E24}.Release|x64.Build.0 = Release|Any CPU
		{6C156717-A5F9-4991-A088-5259F9158E24}.Release|x86.ActiveCfg = Release|Any CPU
		{6C156717-A5F9-4991-A088-5259F9158E24}.Release|x86.Build.0 = Release|Any CPU
		{F818A7B4-5779-44E7-920B-D1F3D1BDF69B}.Debug|Any CPU.ActiveCfg = Debug|Any CPU
		{F818A7B4-5779-44E7-920B-D1F3D1BDF69B}.Debug|Any CPU.Build.0 = Debug|Any CPU
		{F818A7B4-5779-44E7-920B-D1F3D1BDF69B}.Debug|x64.ActiveCfg = Debug|Any CPU
		{F818A7B4-5779-44E7-920B-D1F3D1BDF69B}.Debug|x64.Build.0 = Debug|Any CPU
		{F818A7B4-5779-44E7-920B-D1F3D1BDF69B}.Debug|x86.ActiveCfg = Debug|Any CPU
		{F818A7B4-5779-44E7-920B-D1F3D1BDF69B}.Debug|x86.Build.0 = Debug|Any CPU
		{F818A7B4-5779-44E7-920B-D1F3D1BDF69B}.Release|Any CPU.ActiveCfg = Release|Any CPU
		{F818A7B4-5779-44E7-920B-D1F3D1BDF69B}.Release|Any CPU.Build.0 = Release|Any CPU
		{F818A7B4-5779-44E7-920B-D1F3D1BDF69B}.Release|x64.ActiveCfg = Release|Any CPU
		{F818A7B4-5779-44E7-920B-D1F3D1BDF69B}.Release|x64.Build.0 = Release|Any CPU
		{F818A7B4-5779-44E7-920B-D1F3D1BDF69B}.Release|x86.ActiveCfg = Release|Any CPU
		{F818A7B4-5779-44E7-920B-D1F3D1BDF69B}.Release|x86.Build.0 = Release|Any CPU
		{68AE7752-4A84-45DC-81BC-5894775CB541}.Debug|Any CPU.ActiveCfg = Debug|Any CPU
		{68AE7752-4A84-45DC-81BC-5894775CB541}.Debug|Any CPU.Build.0 = Debug|Any CPU
		{68AE7752-4A84-45DC-81BC-5894775CB541}.Debug|x64.ActiveCfg = Debug|Any CPU
		{68AE7752-4A84-45DC-81BC-5894775CB541}.Debug|x64.Build.0 = Debug|Any CPU
		{68AE7752-4A84-45DC-81BC-5894775CB541}.Debug|x86.ActiveCfg = Debug|Any CPU
		{68AE7752-4A84-45DC-81BC-5894775CB541}.Debug|x86.Build.0 = Debug|Any CPU
		{68AE7752-4A84-45DC-81BC-5894775CB541}.Release|Any CPU.ActiveCfg = Release|Any CPU
		{68AE7752-4A84-45DC-81BC-5894775CB541}.Release|Any CPU.Build.0 = Release|Any CPU
		{68AE7752-4A84-45DC-81BC-5894775CB541}.Release|x64.ActiveCfg = Release|Any CPU
		{68AE7752-4A84-45DC-81BC-5894775CB541}.Release|x64.Build.0 = Release|Any CPU
		{68AE7752-4A84-45DC-81BC-5894775CB541}.Release|x86.ActiveCfg = Release|Any CPU
		{68AE7752-4A84-45DC-81BC-5894775CB541}.Release|x86.Build.0 = Release|Any CPU
		{FDC6F485-E550-4E69-9693-3F91C5995701}.Debug|Any CPU.ActiveCfg = Debug|Any CPU
		{FDC6F485-E550-4E69-9693-3F91C5995701}.Debug|Any CPU.Build.0 = Debug|Any CPU
		{FDC6F485-E550-4E69-9693-3F91C5995701}.Debug|x64.ActiveCfg = Debug|Any CPU
		{FDC6F485-E550-4E69-9693-3F91C5995701}.Debug|x64.Build.0 = Debug|Any CPU
		{FDC6F485-E550-4E69-9693-3F91C5995701}.Debug|x86.ActiveCfg = Debug|Any CPU
		{FDC6F485-E550-4E69-9693-3F91C5995701}.Debug|x86.Build.0 = Debug|Any CPU
		{FDC6F485-E550-4E69-9693-3F91C5995701}.Release|Any CPU.ActiveCfg = Release|Any CPU
		{FDC6F485-E550-4E69-9693-3F91C5995701}.Release|Any CPU.Build.0 = Release|Any CPU
		{FDC6F485-E550-4E69-9693-3F91C5995701}.Release|x64.ActiveCfg = Release|Any CPU
		{FDC6F485-E550-4E69-9693-3F91C5995701}.Release|x64.Build.0 = Release|Any CPU
		{FDC6F485-E550-4E69-9693-3F91C5995701}.Release|x86.ActiveCfg = Release|Any CPU
		{FDC6F485-E550-4E69-9693-3F91C5995701}.Release|x86.Build.0 = Release|Any CPU
		{0AB33279-7CDE-494A-9C64-450321495666}.Debug|Any CPU.ActiveCfg = Debug|Any CPU
		{0AB33279-7CDE-494A-9C64-450321495666}.Debug|Any CPU.Build.0 = Debug|Any CPU
		{0AB33279-7CDE-494A-9C64-450321495666}.Debug|x64.ActiveCfg = Debug|Any CPU
		{0AB33279-7CDE-494A-9C64-450321495666}.Debug|x64.Build.0 = Debug|Any CPU
		{0AB33279-7CDE-494A-9C64-450321495666}.Debug|x86.ActiveCfg = Debug|Any CPU
		{0AB33279-7CDE-494A-9C64-450321495666}.Debug|x86.Build.0 = Debug|Any CPU
		{0AB33279-7CDE-494A-9C64-450321495666}.Release|Any CPU.ActiveCfg = Release|Any CPU
		{0AB33279-7CDE-494A-9C64-450321495666}.Release|Any CPU.Build.0 = Release|Any CPU
		{0AB33279-7CDE-494A-9C64-450321495666}.Release|x64.ActiveCfg = Release|Any CPU
		{0AB33279-7CDE-494A-9C64-450321495666}.Release|x64.Build.0 = Release|Any CPU
		{0AB33279-7CDE-494A-9C64-450321495666}.Release|x86.ActiveCfg = Release|Any CPU
		{0AB33279-7CDE-494A-9C64-450321495666}.Release|x86.Build.0 = Release|Any CPU
		{04BDCD0A-1488-4753-9068-ECC634542919}.Debug|Any CPU.ActiveCfg = Debug|Any CPU
		{04BDCD0A-1488-4753-9068-ECC634542919}.Debug|Any CPU.Build.0 = Debug|Any CPU
		{04BDCD0A-1488-4753-9068-ECC634542919}.Debug|x64.ActiveCfg = Debug|Any CPU
		{04BDCD0A-1488-4753-9068-ECC634542919}.Debug|x64.Build.0 = Debug|Any CPU
		{04BDCD0A-1488-4753-9068-ECC634542919}.Debug|x86.ActiveCfg = Debug|Any CPU
		{04BDCD0A-1488-4753-9068-ECC634542919}.Debug|x86.Build.0 = Debug|Any CPU
		{04BDCD0A-1488-4753-9068-ECC634542919}.Release|Any CPU.ActiveCfg = Release|Any CPU
		{04BDCD0A-1488-4753-9068-ECC634542919}.Release|Any CPU.Build.0 = Release|Any CPU
		{04BDCD0A-1488-4753-9068-ECC634542919}.Release|x64.ActiveCfg = Release|Any CPU
		{04BDCD0A-1488-4753-9068-ECC634542919}.Release|x64.Build.0 = Release|Any CPU
		{04BDCD0A-1488-4753-9068-ECC634542919}.Release|x86.ActiveCfg = Release|Any CPU
		{04BDCD0A-1488-4753-9068-ECC634542919}.Release|x86.Build.0 = Release|Any CPU
		{C1239D01-0A8E-4BC9-867D-8E815F378B5A}.Debug|Any CPU.ActiveCfg = Debug|Any CPU
		{C1239D01-0A8E-4BC9-867D-8E815F378B5A}.Debug|Any CPU.Build.0 = Debug|Any CPU
		{C1239D01-0A8E-4BC9-867D-8E815F378B5A}.Debug|x64.ActiveCfg = Debug|Any CPU
		{C1239D01-0A8E-4BC9-867D-8E815F378B5A}.Debug|x64.Build.0 = Debug|Any CPU
		{C1239D01-0A8E-4BC9-867D-8E815F378B5A}.Debug|x86.ActiveCfg = Debug|Any CPU
		{C1239D01-0A8E-4BC9-867D-8E815F378B5A}.Debug|x86.Build.0 = Debug|Any CPU
		{C1239D01-0A8E-4BC9-867D-8E815F378B5A}.Release|Any CPU.ActiveCfg = Release|Any CPU
		{C1239D01-0A8E-4BC9-867D-8E815F378B5A}.Release|Any CPU.Build.0 = Release|Any CPU
		{C1239D01-0A8E-4BC9-867D-8E815F378B5A}.Release|x64.ActiveCfg = Release|Any CPU
		{C1239D01-0A8E-4BC9-867D-8E815F378B5A}.Release|x64.Build.0 = Release|Any CPU
		{C1239D01-0A8E-4BC9-867D-8E815F378B5A}.Release|x86.ActiveCfg = Release|Any CPU
		{C1239D01-0A8E-4BC9-867D-8E815F378B5A}.Release|x86.Build.0 = Release|Any CPU
		{B7145163-D28D-4669-BEF9-E47E29E9006A}.Debug|Any CPU.ActiveCfg = Debug|Any CPU
		{B7145163-D28D-4669-BEF9-E47E29E9006A}.Debug|Any CPU.Build.0 = Debug|Any CPU
		{B7145163-D28D-4669-BEF9-E47E29E9006A}.Debug|x64.ActiveCfg = Debug|Any CPU
		{B7145163-D28D-4669-BEF9-E47E29E9006A}.Debug|x64.Build.0 = Debug|Any CPU
		{B7145163-D28D-4669-BEF9-E47E29E9006A}.Debug|x86.ActiveCfg = Debug|Any CPU
		{B7145163-D28D-4669-BEF9-E47E29E9006A}.Debug|x86.Build.0 = Debug|Any CPU
		{B7145163-D28D-4669-BEF9-E47E29E9006A}.Release|Any CPU.ActiveCfg = Release|Any CPU
		{B7145163-D28D-4669-BEF9-E47E29E9006A}.Release|Any CPU.Build.0 = Release|Any CPU
		{B7145163-D28D-4669-BEF9-E47E29E9006A}.Release|x64.ActiveCfg = Release|Any CPU
		{B7145163-D28D-4669-BEF9-E47E29E9006A}.Release|x64.Build.0 = Release|Any CPU
		{B7145163-D28D-4669-BEF9-E47E29E9006A}.Release|x86.ActiveCfg = Release|Any CPU
		{B7145163-D28D-4669-BEF9-E47E29E9006A}.Release|x86.Build.0 = Release|Any CPU
	EndGlobalSection
	GlobalSection(SolutionProperties) = preSolution
		HideSolutionNode = FALSE
	EndGlobalSection
	GlobalSection(NestedProjects) = preSolution
		{15F27915-429A-4044-AA68-A2E6A545D105} = {B58A0B49-A102-45E6-8B0E-9FC17C6DAE9E}
		{85DB67C2-8F3B-4143-8803-C35DEAED2136} = {19AA6049-6A49-4282-85A7-E826371E7661}
		{F03FAD7A-1C51-4BB5-9A22-0D33FC43FC45} = {19AA6049-6A49-4282-85A7-E826371E7661}
		{80B17410-1B8D-468B-99BA-4B0331BCA1E7} = {19AA6049-6A49-4282-85A7-E826371E7661}
		{BD9F76D9-CC38-4056-BD62-A1C69CF9782D} = {19AA6049-6A49-4282-85A7-E826371E7661}
		{2DF698CC-41E6-403F-A616-26791AD177B8} = {19AA6049-6A49-4282-85A7-E826371E7661}
		{D6029567-2859-4AA2-82B8-C076C7B51355} = {19AA6049-6A49-4282-85A7-E826371E7661}
		{1390D68A-118A-4845-90EC-03E6B5615189} = {66A49194-6822-46A4-BB4F-EB5DF8EB71D8}
		{7F2DC09A-DA80-4345-AB4E-164E2AD5BF05} = {497BFE69-2054-47FF-AC15-E5315690962A}
		{F457F9AA-FF0F-4187-8F87-86700D40BDD1} = {497BFE69-2054-47FF-AC15-E5315690962A}
		{A41EF13C-C0E1-4855-8504-7FA64B7BBA62} = {497BFE69-2054-47FF-AC15-E5315690962A}
		{DD10672C-D30C-4484-B3C0-83C1BCABB798} = {19AA6049-6A49-4282-85A7-E826371E7661}
		{EFF27AD1-75B2-4C0E-A8CB-15D9FB9C9DD6} = {19AA6049-6A49-4282-85A7-E826371E7661}
		{23113888-C0B1-4195-9867-19B04B29E83C} = {23DC788D-4C88-491D-9973-2EAE22C8D3E6}
		{0A8F0F8D-0C72-4219-93EE-4148846D01D7} = {19AA6049-6A49-4282-85A7-E826371E7661}
		{92A36DB4-1677-4DF8-8276-2045AEE6D3A7} = {BE3B87C5-56C1-448D-A234-CFE6EB30B147}
		{BE72BAAC-475E-4138-9E39-202BB32DC2CF} = {08FDBAA3-0A69-482F-9543-8C77632F7986}
		{FE16CA16-6086-4FE8-B1F9-B287C646B8AC} = {19AA6049-6A49-4282-85A7-E826371E7661}
		{B8173149-D4BF-4B91-A558-ED6254288B70} = {19AA6049-6A49-4282-85A7-E826371E7661}
		{3FFBEB92-441C-40D3-A005-C42B85103C4D} = {C1EEF69E-5764-4A39-9113-8DCC07583872}
		{C090BB76-BA15-41DE-89AE-3EC47EE8BB27} = {19AA6049-6A49-4282-85A7-E826371E7661}
		{24259DBA-AFB0-46B0-9003-C57FCE740174} = {08FDBAA3-0A69-482F-9543-8C77632F7986}
		{E44C37B6-68D4-44EF-9AE0-BF037757C755} = {C1EEF69E-5764-4A39-9113-8DCC07583872}
		{88993944-8272-483D-BAFE-AB0C2A1419D6} = {19AA6049-6A49-4282-85A7-E826371E7661}
		{A87733DA-8D99-41E7-BEEE-6C400827FE49} = {B58A0B49-A102-45E6-8B0E-9FC17C6DAE9E}
		{6C156717-A5F9-4991-A088-5259F9158E24} = {C1EEF69E-5764-4A39-9113-8DCC07583872}
		{F818A7B4-5779-44E7-920B-D1F3D1BDF69B} = {B58A0B49-A102-45E6-8B0E-9FC17C6DAE9E}
		{68AE7752-4A84-45DC-81BC-5894775CB541} = {23DC788D-4C88-491D-9973-2EAE22C8D3E6}
		{FDC6F485-E550-4E69-9693-3F91C5995701} = {23DC788D-4C88-491D-9973-2EAE22C8D3E6}
		{0AB33279-7CDE-494A-9C64-450321495666} = {23DC788D-4C88-491D-9973-2EAE22C8D3E6}
		{04BDCD0A-1488-4753-9068-ECC634542919} = {23DC788D-4C88-491D-9973-2EAE22C8D3E6}
		{C1239D01-0A8E-4BC9-867D-8E815F378B5A} = {B58A0B49-A102-45E6-8B0E-9FC17C6DAE9E}
		{B7145163-D28D-4669-BEF9-E47E29E9006A} = {66A49194-6822-46A4-BB4F-EB5DF8EB71D8}
	EndGlobalSection
	GlobalSection(ExtensibilityGlobals) = postSolution
		SolutionGuid = {2B4ED42D-63EA-4C51-A923-2892540CA975}
	EndGlobalSection
EndGlobal
